
Microsoft Visual Studio Solution File, Format Version 12.00
# Visual Studio 2012
Project("{FAE04EC0-301F-11D3-BF4B-00C04F79EFBC}") = "Cozy.WebUI", "Cozy.WebUI\Cozy.WebUI.csproj", "{F13594CC-D07C-47E4-9456-03F94F017732}"
EndProject
Project("{FAE04EC0-301F-11D3-BF4B-00C04F79EFBC}") = "Cozy.Domain", "Cozy.Models\Cozy.Domain.csproj", "{175C384B-8599-4933-A91A-80EE26FC6126}"
EndProject
Project("{FAE04EC0-301F-11D3-BF4B-00C04F79EFBC}") = "Cozy.Data", "Cozy.Data\Cozy.Data.csproj", "{04B1EECC-F9B0-4F9E-8A84-CD336E26C412}"
EndProject
Global
	GlobalSection(SolutionConfigurationPlatforms) = preSolution
		Debug|Any CPU = Debug|Any CPU
		Release|Any CPU = Release|Any CPU
	EndGlobalSection
	GlobalSection(ProjectConfigurationPlatforms) = postSolution
		{F13594CC-D07C-47E4-9456-03F94F017732}.Debug|Any CPU.ActiveCfg = Debug|Any CPU
		{F13594CC-D07C-47E4-9456-03F94F017732}.Debug|Any CPU.Build.0 = Debug|Any CPU
		{F13594CC-D07C-47E4-9456-03F94F017732}.Release|Any CPU.ActiveCfg = Release|Any CPU
		{F13594CC-D07C-47E4-9456-03F94F017732}.Release|Any CPU.Build.0 = Release|Any CPU
		{175C384B-8599-4933-A91A-80EE26FC6126}.Debug|Any CPU.ActiveCfg = Debug|Any CPU
		{175C384B-8599-4933-A91A-80EE26FC6126}.Debug|Any CPU.Build.0 = Debug|Any CPU
		{175C384B-8599-4933-A91A-80EE26FC6126}.Release|Any CPU.ActiveCfg = Release|Any CPU
		{175C384B-8599-4933-A91A-80EE26FC6126}.Release|Any CPU.Build.0 = Release|Any CPU
		{04B1EECC-F9B0-4F9E-8A84-CD336E26C412}.Debug|Any CPU.ActiveCfg = Debug|Any CPU
		{04B1EECC-F9B0-4F9E-8A84-CD336E26C412}.Debug|Any CPU.Build.0 = Debug|Any CPU
		{04B1EECC-F9B0-4F9E-8A84-CD336E26C412}.Release|Any CPU.ActiveCfg = Release|Any CPU
		{04B1EECC-F9B0-4F9E-8A84-CD336E26C412}.Release|Any CPU.Build.0 = Release|Any CPU
	EndGlobalSection
EndGlobal
